
Microsoft Visual Studio Solution File, Format Version 12.00
# Visual Studio 15
VisualStudioVersion = 15.0.27130.2010
MinimumVisualStudioVersion = 10.0.40219.1
Project("{9A19103F-16F7-4668-BE54-9A1E7A4F7556}") = "Emuses", "src\Emuses\Emuses.csproj", "{0CFDD7DA-DBAB-435A-9FCF-9CB72A7A5574}"
EndProject
Project("{2150E333-8FDC-42A3-9474-1A3956D46DE8}") = "samples", "samples", "{70AE2B61-D40A-45A7-A1F1-8370C5CD9ADA}"
EndProject
Project("{9A19103F-16F7-4668-BE54-9A1E7A4F7556}") = "Emuses.Example", "samples\Emuses.Example\Emuses.Example.csproj", "{E022A1DE-1AC7-412B-8125-78E448D7ACA2}"
EndProject
Project("{2150E333-8FDC-42A3-9474-1A3956D46DE8}") = "tests", "tests", "{EC6B3852-9E88-4E6A-A897-5F710B05FEE7}"
EndProject
Project("{9A19103F-16F7-4668-BE54-9A1E7A4F7556}") = "Emuses.IntegrationTests", "tests\Emuses.IntegrationTests\Emuses.IntegrationTests.csproj", "{44011640-6FB5-423E-A9BC-7A62B631F720}"
EndProject
Project("{9A19103F-16F7-4668-BE54-9A1E7A4F7556}") = "Emuses.Tests", "tests\Emuses.Tests\Emuses.Tests.csproj", "{E7125A30-CDD8-4791-AB06-5CAB5D255D34}"
EndProject
Project("{2150E333-8FDC-42A3-9474-1A3956D46DE8}") = "Solution Items", "Solution Items", "{C026072E-F376-4EBC-8DD4-F1F62D39FB04}"
	ProjectSection(SolutionItems) = preProject
		.gitignore = .gitignore
		.travis.yml = .travis.yml
		appveyor.yml = appveyor.yml
		LICENSE = LICENSE
		README.md = README.md
	EndProjectSection
EndProject
Global
	GlobalSection(SolutionConfigurationPlatforms) = preSolution
		Debug|Any CPU = Debug|Any CPU
		Release|Any CPU = Release|Any CPU
	EndGlobalSection
	GlobalSection(ProjectConfigurationPlatforms) = postSolution
		{0CFDD7DA-DBAB-435A-9FCF-9CB72A7A5574}.Debug|Any CPU.ActiveCfg = Debug|Any CPU
		{0CFDD7DA-DBAB-435A-9FCF-9CB72A7A5574}.Debug|Any CPU.Build.0 = Debug|Any CPU
		{0CFDD7DA-DBAB-435A-9FCF-9CB72A7A5574}.Release|Any CPU.ActiveCfg = Release|Any CPU
		{0CFDD7DA-DBAB-435A-9FCF-9CB72A7A5574}.Release|Any CPU.Build.0 = Release|Any CPU
		{E022A1DE-1AC7-412B-8125-78E448D7ACA2}.Debug|Any CPU.ActiveCfg = Debug|Any CPU
		{E022A1DE-1AC7-412B-8125-78E448D7ACA2}.Debug|Any CPU.Build.0 = Debug|Any CPU
		{E022A1DE-1AC7-412B-8125-78E448D7ACA2}.Release|Any CPU.ActiveCfg = Release|Any CPU
		{E022A1DE-1AC7-412B-8125-78E448D7ACA2}.Release|Any CPU.Build.0 = Release|Any CPU
		{44011640-6FB5-423E-A9BC-7A62B631F720}.Debug|Any CPU.ActiveCfg = Debug|Any CPU
		{44011640-6FB5-423E-A9BC-7A62B631F720}.Debug|Any CPU.Build.0 = Debug|Any CPU
		{44011640-6FB5-423E-A9BC-7A62B631F720}.Release|Any CPU.ActiveCfg = Release|Any CPU
		{44011640-6FB5-423E-A9BC-7A62B631F720}.Release|Any CPU.Build.0 = Release|Any CPU
		{E7125A30-CDD8-4791-AB06-5CAB5D255D34}.Debug|Any CPU.ActiveCfg = Debug|Any CPU
		{E7125A30-CDD8-4791-AB06-5CAB5D255D34}.Debug|Any CPU.Build.0 = Debug|Any CPU
		{E7125A30-CDD8-4791-AB06-5CAB5D255D34}.Release|Any CPU.ActiveCfg = Release|Any CPU
		{E7125A30-CDD8-4791-AB06-5CAB5D255D34}.Release|Any CPU.Build.0 = Release|Any CPU
	EndGlobalSection
	GlobalSection(SolutionProperties) = preSolution
		HideSolutionNode = FALSE
	EndGlobalSection
	GlobalSection(NestedProjects) = preSolution
		{E022A1DE-1AC7-412B-8125-78E448D7ACA2} = {70AE2B61-D40A-45A7-A1F1-8370C5CD9ADA}
		{44011640-6FB5-423E-A9BC-7A62B631F720} = {EC6B3852-9E88-4E6A-A897-5F710B05FEE7}
		{E7125A30-CDD8-4791-AB06-5CAB5D255D34} = {EC6B3852-9E88-4E6A-A897-5F710B05FEE7}
	EndGlobalSection
	GlobalSection(ExtensibilityGlobals) = postSolution
		SolutionGuid = {1FE34F35-6CAF-4BF3-B5F0-154DE3F32BBD}
	EndGlobalSection
EndGlobal
